{
  "name": "bm25",
  "version": "1.0.0",
  "lockfileVersion": 3,
  "requires": true,
  "packages": {
    "": {
      "name": "bm25",
      "version": "1.0.0",
      "license": "ISC",
      "dependencies": {
        "fast-fuzzy": "^1.12.0",
        "flexsearch": "^0.8.212",
        "wink-bm25-text-search": "^3.1.2",
        "wink-eng-lite-web-model": "^1.8.1",
        "wink-nlp": "^2.4.0"
      }
    },
    "node_modules/emoji-regex": {
      "version": "9.2.2",
      "resolved": "https://registry.npmjs.org/emoji-regex/-/emoji-regex-9.2.2.tgz",
      "integrity": "sha512-L18DaJsXSUk2+42pv8mLs5jJT2hqFkFE4j21wOmgbUqsZ2hL72NsUU785g9RXgo3s0ZNgVl42TiHp3ZtOv/Vyg==",
      "license": "MIT"
    },
    "node_modules/fast-fuzzy": {
      "version": "1.12.0",
      "resolved": "https://registry.npmjs.org/fast-fuzzy/-/fast-fuzzy-1.12.0.tgz",
      "integrity": "sha512-sXxGgHS+ubYpsdLnvOvJ9w5GYYZrtL9mkosG3nfuD446ahvoWEsSKBP7ieGmWIKVLnaxRDgUJkZMdxRgA2Ni+Q==",
      "license": "ISC",
      "dependencies": {
        "graphemesplit": "^2.4.1"
      }
    },
    "node_modules/flexsearch": {
      "version": "0.8.212",
      "resolved": "https://registry.npmjs.org/flexsearch/-/flexsearch-0.8.212.tgz",
      "integrity": "sha512-wSyJr1GUWoOOIISRu+X2IXiOcVfg9qqBRyCPRUdLMIGJqPzMo+jMRlvE83t14v1j0dRMEaBbER/adQjp6Du2pw==",
      "funding": [
        {
          "type": "github",
          "url": "https://github.com/ts-thomas"
        },
        {
          "type": "paypal",
          "url": "https://www.paypal.com/donate/?hosted_button_id=GEVR88FC9BWRW"
        },
        {
          "type": "opencollective",
          "url": "https://opencollective.com/flexsearch"
        },
        {
          "type": "patreon",
          "url": "https://patreon.com/user?u=96245532"
        },
        {
          "type": "liberapay",
          "url": "https://liberapay.com/ts-thomas"
        }
      ],
      "license": "Apache-2.0"
    },
    "node_modules/graphemesplit": {
      "version": "2.6.0",
      "resolved": "https://registry.npmjs.org/graphemesplit/-/graphemesplit-2.6.0.tgz",
      "integrity": "sha512-rG9w2wAfkpg0DILa1pjnjNfucng3usON360shisqIMUBw/87pojcBSrHmeE4UwryAuBih7g8m1oilf5/u8EWdQ==",
      "license": "MIT",
      "dependencies": {
        "js-base64": "^3.6.0",
        "unicode-trie": "^2.0.0"
      }
    },
    "node_modules/js-base64": {
      "version": "3.7.8",
      "resolved": "https://registry.npmjs.org/js-base64/-/js-base64-3.7.8.tgz",
      "integrity": "sha512-hNngCeKxIUQiEUN3GPJOkz4wF/YvdUdbNL9hsBcMQTkKzboD7T/q3OYOuuPZLUE6dBxSGpwhk5mwuDud7JVAow==",
      "license": "BSD-3-Clause"
    },
    "node_modules/pako": {
      "version": "0.2.9",
      "resolved": "https://registry.npmjs.org/pako/-/pako-0.2.9.tgz",
      "integrity": "sha512-NUcwaKxUxWrZLpDG+z/xZaCgQITkA/Dv4V/T6bw7VON6l1Xz/VnrBqrYjZQ12TamKHzITTfOEIYUj48y2KXImA==",
      "license": "MIT"
    },
    "node_modules/tiny-inflate": {
      "version": "1.0.3",
      "resolved": "https://registry.npmjs.org/tiny-inflate/-/tiny-inflate-1.0.3.tgz",
      "integrity": "sha512-pkY1fj1cKHb2seWDy0B16HeWyczlJA9/WW3u3c4z/NiWDsO3DOU5D7nhTLE9CF0yXv/QZFY7sEJmj24dK+Rrqw==",
      "license": "MIT"
    },
    "node_modules/unicode-trie": {
      "version": "2.0.0",
      "resolved": "https://registry.npmjs.org/unicode-trie/-/unicode-trie-2.0.0.tgz",
      "integrity": "sha512-x7bc76x0bm4prf1VLg79uhAzKw8DVboClSN5VxJuQ+LKDOVEW9CdH+VY7SP+vX7xCYQqzzgQpFqz15zeLvAtZQ==",
      "license": "MIT",
      "dependencies": {
        "pako": "^0.2.5",
        "tiny-inflate": "^1.0.0"
      }
    },
    "node_modules/wink-bm25-text-search": {
      "version": "3.1.2",
      "resolved": "https://registry.npmjs.org/wink-bm25-text-search/-/wink-bm25-text-search-3.1.2.tgz",
      "integrity": "sha512-s+xY0v/yurUhiUop/XZnf9IvO9XVuwI14X+QTW0JqlmQCg+9ZgVXTMudXKqZuQVsnm5J+RjLnqrOflnD5BLApA==",
      "license": "MIT",
      "dependencies": {
        "wink-eng-lite-web-model": "^1.4.3",
        "wink-helpers": "^2.0.0",
        "wink-nlp": "^1.12.2",
        "wink-nlp-utils": "^2.0.4"
      }
    },
    "node_modules/wink-bm25-text-search/node_modules/wink-nlp": {
      "version": "1.14.3",
      "resolved": "https://registry.npmjs.org/wink-nlp/-/wink-nlp-1.14.3.tgz",
      "integrity": "sha512-lvY5iCs3T8I34F8WKS70+2P0U9dWLn3vdPf/Z+m2VK14N7OmqnPzmHfh3moHdusajoQ37Em39z0IZB9K4x/96A==",
      "license": "MIT"
    },
    "node_modules/wink-distance": {
      "version": "2.0.2",
      "resolved": "https://registry.npmjs.org/wink-distance/-/wink-distance-2.0.2.tgz",
      "integrity": "sha512-pyEhUB/OKFYcgOC4J6E+c+gwVA/8qg2s5n49mIcUsJZM5iDSa17uOxRQXR4rvfp+gbj55K/I08FwjFBwb6fq3g==",
      "license": "MIT",
      "dependencies": {
        "wink-helpers": "^2.0.0",
        "wink-jaro-distance": "^2.0.0"
      }
    },
    "node_modules/wink-eng-lite-web-model": {
      "version": "1.8.1",
      "resolved": "https://registry.npmjs.org/wink-eng-lite-web-model/-/wink-eng-lite-web-model-1.8.1.tgz",
      "integrity": "sha512-M2tSOU/rVNkDj8AS8IoKJaM7apJJjS0cN+hE8CPazfnB4A/ojyc9+7RMPk18UOiIdSyWk7MR6w8z9lWix2l5tA==",
      "license": "MIT",
      "engines": {
        "node": ">=16.0.0"
      }
    },
    "node_modules/wink-helpers": {
      "version": "2.0.0",
      "resolved": "https://registry.npmjs.org/wink-helpers/-/wink-helpers-2.0.0.tgz",
      "integrity": "sha512-I/ZzXrHcNRXuoeFJmp2vMVqDI6UCK02Tds1WP4kSGAmx520gjL1BObVzF7d2ps24tyHIly9ngdB2jwhlFUjPvg==",
      "license": "MIT"
    },
    "node_modules/wink-jaro-distance": {
      "version": "2.0.0",
      "resolved": "https://registry.npmjs.org/wink-jaro-distance/-/wink-jaro-distance-2.0.0.tgz",
      "integrity": "sha512-9bcUaXCi9N8iYpGWbFkf83OsBkg17r4hEyxusEzl+nnReLRPqxhB9YNeRn3g54SYnVRNXP029lY3HDsbdxTAuA==",
      "license": "MIT"
    },
    "node_modules/wink-nlp": {
      "version": "2.4.0",
      "resolved": "https://registry.npmjs.org/wink-nlp/-/wink-nlp-2.4.0.tgz",
      "integrity": "sha512-d02inlNJL0LLNTLoYfkxZYGrqnYDSZV4HI4WpeuyIEfpu7UcUqUW1ZYWr+JTFm4ZR6dQdzOW/FtHEQRO+o/zzA==",
      "license": "MIT"
    },
    "node_modules/wink-nlp-utils": {
      "version": "2.1.0",
      "resolved": "https://registry.npmjs.org/wink-nlp-utils/-/wink-nlp-utils-2.1.0.tgz",
      "integrity": "sha512-b7PcRhEBNxQmsmht70jLOkwYUyie3da4/cgEXL+CumYO5b/nwV+W7fuMXToh5BtGq1RABznmc2TGTp1Qf/JUXg==",
      "license": "MIT",
      "dependencies": {
        "wink-distance": "^2.0.1",
        "wink-eng-lite-web-model": "^1.4.3",
        "wink-helpers": "^2.0.0",
        "wink-nlp": "^1.12.0",
        "wink-porter2-stemmer": "^2.0.1",
        "wink-tokenizer": "^5.2.3"
      }
    },
    "node_modules/wink-nlp-utils/node_modules/wink-nlp": {
      "version": "1.14.3",
      "resolved": "https://registry.npmjs.org/wink-nlp/-/wink-nlp-1.14.3.tgz",
      "integrity": "sha512-lvY5iCs3T8I34F8WKS70+2P0U9dWLn3vdPf/Z+m2VK14N7OmqnPzmHfh3moHdusajoQ37Em39z0IZB9K4x/96A==",
      "license": "MIT"
    },
    "node_modules/wink-porter2-stemmer": {
      "version": "2.0.1",
      "resolved": "https://registry.npmjs.org/wink-porter2-stemmer/-/wink-porter2-stemmer-2.0.1.tgz",
      "integrity": "sha512-0g+RkkqhRXFmSpJQStVXW5N/WsshWpJXsoDRW7DwVkGI2uDT6IBCoq3xdH5p6IHLaC6ygk7RWUsUx4alKxoagQ==",
      "license": "MIT"
    },
    "node_modules/wink-tokenizer": {
      "version": "5.3.0",
      "resolved": "https://registry.npmjs.org/wink-tokenizer/-/wink-tokenizer-5.3.0.tgz",
      "integrity": "sha512-O/yAw0g3FmSgeeQuYAJJfP7fVPB4A6ay0018qASh79aWmIOyPYy4j4r9EQT8xBjicja6lCLvgRVAybmEBaATQA==",
      "license": "MIT",
      "dependencies": {
        "emoji-regex": "^9.0.0"
      }
    }
  }
}
